
Microsoft Visual Studio Solution File, Format Version 12.00
# Visual Studio Version 17
VisualStudioVersion = 17.0.31903.59
MinimumVisualStudioVersion = 10.0.40219.1
Project("{2150E333-8FDC-42A3-9474-1A3956D46DE8}") = "src", "src", "{A1721D22-E051-4EAD-85B0-78C6BDEFC829}"
EndProject
Project("{FAE04EC0-301F-11D3-BF4B-00C04F79EFBC}") = "Collapse", "src\Collapse\Collapse.csproj", "{129DA461-9894-4663-954F-AB24C5AE8493}"
EndProject
Project("{2150E333-8FDC-42A3-9474-1A3956D46DE8}") = "test", "test", "{0771413B-F56F-49F4-9346-9493D7CB4493}"
EndProject
Project("{FAE04EC0-301F-11D3-BF4B-00C04F79EFBC}") = "Collapse.Tests", "test\Collapse.Tests\Collapse.Tests.csproj", "{43ABF3C2-9DB4-43FF-87D5-890AEFC3A154}"
EndProject
Global
	GlobalSection(SolutionConfigurationPlatforms) = preSolution
		Debug|Any CPU = Debug|Any CPU
		Release|Any CPU = Release|Any CPU
	EndGlobalSection
	GlobalSection(SolutionProperties) = preSolution
		HideSolutionNode = FALSE
	EndGlobalSection
	GlobalSection(ProjectConfigurationPlatforms) = postSolution
		{129DA461-9894-4663-954F-AB24C5AE8493}.Debug|Any CPU.ActiveCfg = Debug|Any CPU
		{129DA461-9894-4663-954F-AB24C5AE8493}.Debug|Any CPU.Build.0 = Debug|Any CPU
		{129DA461-9894-4663-954F-AB24C5AE8493}.Release|Any CPU.ActiveCfg = Release|Any CPU
		{129DA461-9894-4663-954F-AB24C5AE8493}.Release|Any CPU.Build.0 = Release|Any CPU
		{43ABF3C2-9DB4-43FF-87D5-890AEFC3A154}.Debug|Any CPU.ActiveCfg = Debug|Any CPU
		{43ABF3C2-9DB4-43FF-87D5-890AEFC3A154}.Debug|Any CPU.Build.0 = Debug|Any CPU
		{43ABF3C2-9DB4-43FF-87D5-890AEFC3A154}.Release|Any CPU.ActiveCfg = Release|Any CPU
		{43ABF3C2-9DB4-43FF-87D5-890AEFC3A154}.Release|Any CPU.Build.0 = Release|Any CPU
	EndGlobalSection
	GlobalSection(NestedProjects) = preSolution
		{129DA461-9894-4663-954F-AB24C5AE8493} = {A1721D22-E051-4EAD-85B0-78C6BDEFC829}
		{43ABF3C2-9DB4-43FF-87D5-890AEFC3A154} = {0771413B-F56F-49F4-9346-9493D7CB4493}
	EndGlobalSection
EndGlobal
